PODS:
  - GFGeneralLib (0.1.0):
    - MJExtension
    - SDWebImage
  - MJExtension (3.3.0)
  - SDWebImage (5.11.1):
    - SDWebImage/Core (= 5.11.1)
  - SDWebImage/Core (5.11.1)

DEPENDENCIES:
  - GFGeneralLib (from `../`)

SPEC REPOS:
  trunk:
    - MJExtension
    - SDWebImage

EXTERNAL SOURCES:
  GFGeneralLib:
    :path: "../"

SPEC CHECKSUMS:
  GFGeneralLib: 40378a9c2249207040d4d53c6b39bab58ac43f3e
  MJExtension: 01704cca2b60a214c10761b6491eab74069d68a9
  SDWebImage: a7f831e1a65eb5e285e3fb046a23fcfbf08e696d

PODFILE CHECKSUM: e34f694cf2aa2405bd1ecd3968b0763e081cfb55

COCOAPODS: 1.10.1
